
Microsoft Visual Studio Solution File, Format Version 12.00
# Visual Studio 15
VisualStudioVersion = 15.0.28010.2046
MinimumVisualStudioVersion = 10.0.40219.1
Project("{FAE04EC0-301F-11D3-BF4B-00C04F79EFBC}") = "ProjectYu", "ProjectYu\ProjectYu.csproj", "{EB75C01C-81BA-4C4B-B7F8-C06C6ED4C388}"
EndProject
Global
	GlobalSection(SolutionConfigurationPlatforms) = preSolution
		Debug|Any CPU = Debug|Any CPU
		Release|Any CPU = Release|Any CPU
	EndGlobalSection
	GlobalSection(ProjectConfigurationPlatforms) = postSolution
		{EB75C01C-81BA-4C4B-B7F8-C06C6ED4C388}.Debug|Any CPU.ActiveCfg = Debug|Any CPU
		{EB75C01C-81BA-4C4B-B7F8-C06C6ED4C388}.Debug|Any CPU.Build.0 = Debug|Any CPU
		{EB75C01C-81BA-4C4B-B7F8-C06C6ED4C388}.Release|Any CPU.ActiveCfg = Release|Any CPU
		{EB75C01C-81BA-4C4B-B7F8-C06C6ED4C388}.Release|Any CPU.Build.0 = Release|Any CPU
	EndGlobalSection
	GlobalSection(SolutionProperties) = preSolution
		HideSolutionNode = FALSE
	EndGlobalSection
	GlobalSection(ExtensibilityGlobals) = postSolution
		SolutionGuid = {D63A1153-364E-4AF2-AAF7-C98CEFEF51B0}
	EndGlobalSection
EndGlobal
